
Microsoft Visual Studio Solution File, Format Version 12.00
# Visual Studio Version 17
VisualStudioVersion = 17.13.35919.96 d17.13
MinimumVisualStudioVersion = 10.0.40219.1
Project("{FAE04EC0-301F-11D3-BF4B-00C04F79EFBC}") = "AutomatedCheckout", "AutomatedCheckout\AutomatedCheckout.csproj", "{77E6DAA5-3C65-4E7D-BCC6-ACA649EC355A}"
EndProject
Global
	GlobalSection(SolutionConfigurationPlatforms) = preSolution
		Debug|Any CPU = Debug|Any CPU
		Release|Any CPU = Release|Any CPU
	EndGlobalSection
	GlobalSection(ProjectConfigurationPlatforms) = postSolution
		{77E6DAA5-3C65-4E7D-BCC6-ACA649EC355A}.Debug|Any CPU.ActiveCfg = Debug|Any CPU
		{77E6DAA5-3C65-4E7D-BCC6-ACA649EC355A}.Debug|Any CPU.Build.0 = Debug|Any CPU
		{77E6DAA5-3C65-4E7D-BCC6-ACA649EC355A}.Release|Any CPU.ActiveCfg = Release|Any CPU
		{77E6DAA5-3C65-4E7D-BCC6-ACA649EC355A}.Release|Any CPU.Build.0 = Release|Any CPU
	EndGlobalSection
	GlobalSection(SolutionProperties) = preSolution
		HideSolutionNode = FALSE
	EndGlobalSection
	GlobalSection(ExtensibilityGlobals) = postSolution
		SolutionGuid = {8322383F-C742-49B7-A996-C0C66367D741}
	EndGlobalSection
EndGlobal
